// !$*UTF8*$!
{
	archiveVersion = 1;
	classes = {
	};
	objectVersion = 56;
	objects = {

/* Begin PBXBuildFile section */
		EE9D1C5D2B26DCE700614724 /* stopwatchApp.swift in Sources */ = {isa = PBXBuildFile; fileRef = EE9D1C5C2B26DCE700614724 /* stopwatchApp.swift */; };
		EE9D1C5F2B26DCE700614724 /* ContentView.swift in Sources */ = {isa = PBXBuildFile; fileRef = EE9D1C5E2B26DCE700614724 /* ContentView.swift */; };
		EE9D1C612B26DCEE00614724 /* Assets.xcassets in Resources */ = {isa = PBXBuildFile; fileRef = EE9D1C602B26DCEE00614724 /* Assets.xcassets */; };
		EE9D1C642B26DCEE00614724 /* Preview Assets.xcassets in Resources */ = {isa = PBXBuildFile; fileRef = EE9D1C632B26DCEE00614724 /* Preview Assets.xcassets */; };
		EE9D1C6E2B26DCEF00614724 /* stopwatchTests.swift in Sources */ = {isa = PBXBuildFile; fileRef = EE9D1C6D2B26DCEF00614724 /* stopwatchTests.swift */; };
		EE9D1C782B26DCEF00614724 /* stopwatchUITests.swift in Sources */ = {isa = PBXBuildFile; fileRef = EE9D1C772B26DCEF00614724 /* stopwatchUITests.swift */; };
		EE9D1C7A2B26DCEF00614724 /* stopwatchUITestsLaunchTests.swift in Sources */ = {isa = PBXBuildFile; fileRef = EE9D1C792B26DCEF00614724 /* stopwatchUITestsLaunchTests.swift */; };
		EE9D1C872B26DE7D00614724 /* StopwatchManager.swift in Sources */ = {isa = PBXBuildFile; fileRef = EE9D1C862B26DE7D00614724 /* StopwatchManager.swift */; };
		EE9D1C8C2B27029300614724 /* Period.swift in Sources */ = {isa = PBXBuildFile; fileRef = EE9D1C8B2B27029300614724 /* Period.swift */; };
		EE9D1C8E2B2702AE00614724 /* Constants.swift in Sources */ = {isa = PBXBuildFile; fileRef = EE9D1C8D2B2702AE00614724 /* Constants.swift */; };
		EE9D1C902B27083D00614724 /* UserActivity.swift in Sources */ = {isa = PBXBuildFile; fileRef = EE9D1C8F2B27083D00614724 /* UserActivity.swift */; };
/* End PBXBuildFile section */

/* Begin PBXContainerItemProxy section */
		EE9D1C6A2B26DCEF00614724 /* PBXContainerItemProxy */ = {
			isa = PBXContainerItemProxy;
			containerPortal = EE9D1C512B26DCE700614724 /* Project object */;
			proxyType = 1;
			remoteGlobalIDString = EE9D1C582B26DCE700614724;
			remoteInfo = stopwatch;
		};
		EE9D1C742B26DCEF00614724 /* PBXContainerItemProxy */ = {
			isa = PBXContainerItemProxy;
			containerPortal = EE9D1C512B26DCE700614724 /* Project object */;
			proxyType = 1;
			remoteGlobalIDString = EE9D1C582B26DCE700614724;
			remoteInfo = stopwatch;
		};
/* End PBXContainerItemProxy section */

/* Begin PBXFileReference section */
		EE9D1C592B26DCE700614724 /* stopwatch.app */ = {isa = PBXFileReference; explicitFileType = wrapper.application; includeInIndex = 0; path = stopwatch.app; sourceTree = BUILT_PRODUCTS_DIR; };
		EE9D1C5C2B26DCE700614724 /* stopwatchApp.swift */ = {isa = PBXFileReference; lastKnownFileType = sourcecode.swift; path = stopwatchApp.swift; sourceTree = "<group>"; };
		EE9D1C5E2B26DCE700614724 /* ContentView.swift */ = {isa = PBXFileReference; lastKnownFileType = sourcecode.swift; path = ContentView.swift; sourceTree = "<group>"; };
		EE9D1C602B26DCEE00614724 /* Assets.xcassets */ = {isa = PBXFileReference; lastKnownFileType = folder.assetcatalog; path = Assets.xcassets; sourceTree = "<group>"; };
		EE9D1C632B26DCEE00614724 /* Preview Assets.xcassets */ = {isa = PBXFileReference; lastKnownFileType = folder.assetcatalog; path = "Preview Assets.xcassets"; sourceTree = "<group>"; };
		EE9D1C692B26DCEF00614724 /* stopwatchTests.xctest */ = {isa = PBXFileReference; explicitFileType = wrapper.cfbundle; includeInIndex = 0; path = stopwatchTests.xctest; sourceTree = BUILT_PRODUCTS_DIR; };
		EE9D1C6D2B26DCEF00614724 /* stopwatchTests.swift */ = {isa = PBXFileReference; lastKnownFileType = sourcecode.swift; path = stopwatchTests.swift; sourceTree = "<group>"; };
		EE9D1C732B26DCEF00614724 /* stopwatchUITests.xctest */ = {isa = PBXFileReference; explicitFileType = wrapper.cfbundle; includeInIndex = 0; path = stopwatchUITests.xctest; sourceTree = BUILT_PRODUCTS_DIR; };
		EE9D1C772B26DCEF00614724 /* stopwatchUITests.swift */ = {isa = PBXFileReference; lastKnownFileType = sourcecode.swift; path = stopwatchUITests.swift; sourceTree = "<group>"; };
		EE9D1C792B26DCEF00614724 /* stopwatchUITestsLaunchTests.swift */ = {isa = PBXFileReference; lastKnownFileType = sourcecode.swift; path = stopwatchUITestsLaunchTests.swift; sourceTree = "<group>"; };
		EE9D1C862B26DE7D00614724 /* StopwatchManager.swift */ = {isa = PBXFileReference; lastKnownFileType = sourcecode.swift; path = StopwatchManager.swift; sourceTree = "<group>"; };
		EE9D1C8B2B27029300614724 /* Period.swift */ = {isa = PBXFileReference; lastKnownFileType = sourcecode.swift; path = Period.swift; sourceTree = "<group>"; };
		EE9D1C8D2B2702AE00614724 /* Constants.swift */ = {isa = PBXFileReference; lastKnownFileType = sourcecode.swift; path = Constants.swift; sourceTree = "<group>"; };
		EE9D1C8F2B27083D00614724 /* UserActivity.swift */ = {isa = PBXFileReference; lastKnownFileType = sourcecode.swift; path = UserActivity.swift; sourceTree = "<group>"; };
/* End PBXFileReference section */

/* Begin PBXFrameworksBuildPhase section */
		EE9D1C562B26DCE700614724 /* Frameworks */ = {
			isa = PBXFrameworksBuildPhase;
			buildActionMask = 2147483647;
			files = (
			);
			runOnlyForDeploymentPostprocessing = 0;
		};
		EE9D1C662B26DCEF00614724 /* Frameworks */ = {
			isa = PBXFrameworksBuildPhase;
			buildActionMask = 2147483647;
			files = (
			);
			runOnlyForDeploymentPostprocessing = 0;
		};
		EE9D1C702B26DCEF00614724 /* Frameworks */ = {
			isa = PBXFrameworksBuildPhase;
			buildActionMask = 2147483647;
			files = (
			);
			runOnlyForDeploymentPostprocessing = 0;
		};
/* End PBXFrameworksBuildPhase section */

/* Begin PBXGroup section */
		EE9D1C502B26DCE700614724 = {
			isa = PBXGroup;
			children = (
				EE9D1C5B2B26DCE700614724 /* stopwatch */,
				EE9D1C6C2B26DCEF00614724 /* stopwatchTests */,
				EE9D1C762B26DCEF00614724 /* stopwatchUITests */,
				EE9D1C5A2B26DCE700614724 /* Products */,
			);
			sourceTree = "<group>";
		};
		EE9D1C5A2B26DCE700614724 /* Products */ = {
			isa = PBXGroup;
			children = (
				EE9D1C592B26DCE700614724 /* stopwatch.app */,
				EE9D1C692B26DCEF00614724 /* stopwatchTests.xctest */,
				EE9D1C732B26DCEF00614724 /* stopwatchUITests.xctest */,
			);
			name = Products;
			sourceTree = "<group>";
		};
		EE9D1C5B2B26DCE700614724 /* stopwatch */ = {
			isa = PBXGroup;
			children = (
				EE9D1C8A2B27028300614724 /* Models */,
				EE9D1C892B27027D00614724 /* ViewModels */,
				EE9D1C882B27027300614724 /* Views */,
				EE9D1C5C2B26DCE700614724 /* stopwatchApp.swift */,
				EE9D1C5E2B26DCE700614724 /* ContentView.swift */,
				EE9D1C862B26DE7D00614724 /* StopwatchManager.swift */,
				EE9D1C602B26DCEE00614724 /* Assets.xcassets */,
				EE9D1C622B26DCEE00614724 /* Preview Content */,
			);
			path = stopwatch;
			sourceTree = "<group>";
		};
		EE9D1C622B26DCEE00614724 /* Preview Content */ = {
			isa = PBXGroup;
			children = (
				EE9D1C632B26DCEE00614724 /* Preview Assets.xcassets */,
			);
			path = "Preview Content";
			sourceTree = "<group>";
		};
		EE9D1C6C2B26DCEF00614724 /* stopwatchTests */ = {
			isa = PBXGroup;
			children = (
				EE9D1C6D2B26DCEF00614724 /* stopwatchTests.swift */,
			);
			path = stopwatchTests;
			sourceTree = "<group>";
		};
		EE9D1C762B26DCEF00614724 /* stopwatchUITests */ = {
			isa = PBXGroup;
			children = (
				EE9D1C772B26DCEF00614724 /* stopwatchUITests.swift */,
				EE9D1C792B26DCEF00614724 /* stopwatchUITestsLaunchTests.swift */,
			);
			path = stopwatchUITests;
			sourceTree = "<group>";
		};
		EE9D1C882B27027300614724 /* Views */ = {
			isa = PBXGroup;
			children = (
			);
			path = Views;
			sourceTree = "<group>";
		};
		EE9D1C892B27027D00614724 /* ViewModels */ = {
			isa = PBXGroup;
			children = (
			);
			path = ViewModels;
			sourceTree = "<group>";
		};
		EE9D1C8A2B27028300614724 /* Models */ = {
			isa = PBXGroup;
			children = (
				EE9D1C8F2B27083D00614724 /* UserActivity.swift */,
				EE9D1C8B2B27029300614724 /* Period.swift */,
				EE9D1C8D2B2702AE00614724 /* Constants.swift */,
			);
			path = Models;
			sourceTree = "<group>";
		};
/* End PBXGroup section */

/* Begin PBXNativeTarget section */
		EE9D1C582B26DCE700614724 /* stopwatch */ = {
			isa = PBXNativeTarget;
			buildConfigurationList = EE9D1C7D2B26DCEF00614724 /* Build configuration list for PBXNativeTarget "stopwatch" */;
			buildPhases = (
				EE9D1C552B26DCE700614724 /* Sources */,
				EE9D1C562B26DCE700614724 /* Frameworks */,
				EE9D1C572B26DCE700614724 /* Resources */,
			);
			buildRules = (
			);
			dependencies = (
			);
			name = stopwatch;
			productName = stopwatch;
			productReference = EE9D1C592B26DCE700614724 /* stopwatch.app */;
			productType = "com.apple.product-type.application";
		};
		EE9D1C682B26DCEF00614724 /* stopwatchTests */ = {
			isa = PBXNativeTarget;
			buildConfigurationList = EE9D1C802B26DCEF00614724 /* Build configuration list for PBXNativeTarget "stopwatchTests" */;
			buildPhases = (
				EE9D1C652B26DCEF00614724 /* Sources */,
				EE9D1C662B26DCEF00614724 /* Frameworks */,
				EE9D1C672B26DCEF00614724 /* Resources */,
			);
			buildRules = (
			);
			dependencies = (
				EE9D1C6B2B26DCEF00614724 /* PBXTargetDependency */,
			);
			name = stopwatchTests;
			productName = stopwatchTests;
			productReference = EE9D1C692B26DCEF00614724 /* stopwatchTests.xctest */;
			productType = "com.apple.product-type.bundle.unit-test";
		};
		EE9D1C722B26DCEF00614724 /* stopwatchUITests */ = {
			isa = PBXNativeTarget;
			buildConfigurationList = EE9D1C832B26DCEF00614724 /* Build configuration list for PBXNativeTarget "stopwatchUITests" */;
			buildPhases = (
				EE9D1C6F2B26DCEF00614724 /* Sources */,
				EE9D1C702B26DCEF00614724 /* Frameworks */,
				EE9D1C712B26DCEF00614724 /* Resources */,
			);
			buildRules = (
			);
			dependencies = (
				EE9D1C752B26DCEF00614724 /* PBXTargetDependency */,
			);
			name = stopwatchUITests;
			productName = stopwatchUITests;
			productReference = EE9D1C732B26DCEF00614724 /* stopwatchUITests.xctest */;
			productType = "com.apple.product-type.bundle.ui-testing";
		};
/* End PBXNativeTarget section */

/* Begin PBXProject section */
		EE9D1C512B26DCE700614724 /* Project object */ = {
			isa = PBXProject;
			attributes = {
				BuildIndependentTargetsInParallel = 1;
				LastSwiftUpdateCheck = 1500;
				LastUpgradeCheck = 1500;
				TargetAttributes = {
					EE9D1C582B26DCE700614724 = {
						CreatedOnToolsVersion = 15.0.1;
					};
					EE9D1C682B26DCEF00614724 = {
						CreatedOnToolsVersion = 15.0.1;
						TestTargetID = EE9D1C582B26DCE700614724;
					};
					EE9D1C722B26DCEF00614724 = {
						CreatedOnToolsVersion = 15.0.1;
						TestTargetID = EE9D1C582B26DCE700614724;
					};
				};
			};
			buildConfigurationList = EE9D1C542B26DCE700614724 /* Build configuration list for PBXProject "stopwatch" */;
			compatibilityVersion = "Xcode 14.0";
			developmentRegion = en;
			hasScannedForEncodings = 0;
			knownRegions = (
				en,
				Base,
			);
			mainGroup = EE9D1C502B26DCE700614724;
			productRefGroup = EE9D1C5A2B26DCE700614724 /* Products */;
			projectDirPath = "";
			projectRoot = "";
			targets = (
				EE9D1C582B26DCE700614724 /* stopwatch */,
				EE9D1C682B26DCEF00614724 /* stopwatchTests */,
				EE9D1C722B26DCEF00614724 /* stopwatchUITests */,
			);
		};
/* End PBXProject section */

/* Begin PBXResourcesBuildPhase section */
		EE9D1C572B26DCE700614724 /* Resources */ = {
			isa = PBXResourcesBuildPhase;
			buildActionMask = 2147483647;
			files = (
				EE9D1C642B26DCEE00614724 /* Preview Assets.xcassets in Resources */,
				EE9D1C612B26DCEE00614724 /* Assets.xcassets in Resources */,
			);
			runOnlyForDeploymentPostprocessing = 0;
		};
		EE9D1C672B26DCEF00614724 /* Resources */ = {
			isa = PBXResourcesBuildPhase;
			buildActionMask = 2147483647;
			files = (
			);
			runOnlyForDeploymentPostprocessing = 0;
		};
		EE9D1C712B26DCEF00614724 /* Resources */ = {
			isa = PBXResourcesBuildPhase;
			buildActionMask = 2147483647;
			files = (
			);
			runOnlyForDeploymentPostprocessing = 0;
		};
/* End PBXResourcesBuildPhase section */

/* Begin PBXSourcesBuildPhase section */
		EE9D1C552B26DCE700614724 /* Sources */ = {
			isa = PBXSourcesBuildPhase;
			buildActionMask = 2147483647;
			files = (
				EE9D1C8E2B2702AE00614724 /* Constants.swift in Sources */,
				EE9D1C902B27083D00614724 /* UserActivity.swift in Sources */,
				EE9D1C8C2B27029300614724 /* Period.swift in Sources */,
				EE9D1C5F2B26DCE700614724 /* ContentView.swift in Sources */,
				EE9D1C5D2B26DCE700614724 /* stopwatchApp.swift in Sources */,
				EE9D1C872B26DE7D00614724 /* StopwatchManager.swift in Sources */,
			);
			runOnlyForDeploymentPostprocessing = 0;
		};
		EE9D1C652B26DCEF00614724 /* Sources */ = {
			isa = PBXSourcesBuildPhase;
			buildActionMask = 2147483647;
			files = (
				EE9D1C6E2B26DCEF00614724 /* stopwatchTests.swift in Sources */,
			);
			runOnlyForDeploymentPostprocessing = 0;
		};
		EE9D1C6F2B26DCEF00614724 /* Sources */ = {
			isa = PBXSourcesBuildPhase;
			buildActionMask = 2147483647;
			files = (
				EE9D1C7A2B26DCEF00614724 /* stopwatchUITestsLaunchTests.swift in Sources */,
				EE9D1C782B26DCEF00614724 /* stopwatchUITests.swift in Sources */,
			);
			runOnlyForDeploymentPostprocessing = 0;
		};
/* End PBXSourcesBuildPhase section */

/* Begin PBXTargetDependency section */
		EE9D1C6B2B26DCEF00614724 /* PBXTargetDependency */ = {
			isa = PBXTargetDependency;
			target = EE9D1C582B26DCE700614724 /* stopwatch */;
			targetProxy = EE9D1C6A2B26DCEF00614724 /* PBXContainerItemProxy */;
		};
		EE9D1C752B26DCEF00614724 /* PBXTargetDependency */ = {
			isa = PBXTargetDependency;
			target = EE9D1C582B26DCE700614724 /* stopwatch */;
			targetProxy = EE9D1C742B26DCEF00614724 /* PBXContainerItemProxy */;
		};
/* End PBXTargetDependency section */

/* Begin XCBuildConfiguration section */
		EE9D1C7B2B26DCEF00614724 /* Debug */ = {
			isa = XCBuildConfiguration;
			buildSettings = {
				ALWAYS_SEARCH_USER_PATHS = NO;
				ASSETCATALOG_COMPILER_GENERATE_SWIFT_ASSET_SYMBOL_EXTENSIONS = YES;
				CLANG_ANALYZER_NONNULL = YES;
				CLANG_ANALYZER_NUMBER_OBJECT_CONVERSION = YES_AGGRESSIVE;
				CLANG_CXX_LANGUAGE_STANDARD = "gnu++20";
				CLANG_ENABLE_MODULES = YES;
				CLANG_ENABLE_OBJC_ARC = YES;
				CLANG_ENABLE_OBJC_WEAK = YES;
				CLANG_WARN_BLOCK_CAPTURE_AUTORELEASING = YES;
				CLANG_WARN_BOOL_CONVERSION = YES;
				CLANG_WARN_COMMA = YES;
				CLANG_WARN_CONSTANT_CONVERSION = YES;
				CLANG_WARN_DEPRECATED_OBJC_IMPLEMENTATIONS = YES;
				CLANG_WARN_DIRECT_OBJC_ISA_USAGE = YES_ERROR;
				CLANG_WARN_DOCUMENTATION_COMMENTS = YES;
				CLANG_WARN_EMPTY_BODY = YES;
				CLANG_WARN_ENUM_CONVERSION = YES;
				CLANG_WARN_INFINITE_RECURSION = YES;
				CLANG_WARN_INT_CONVERSION = YES;
				CLANG_WARN_NON_LITERAL_NULL_CONVERSION = YES;
				CLANG_WARN_OBJC_IMPLICIT_RETAIN_SELF = YES;
				CLANG_WARN_OBJC_LITERAL_CONVERSION = YES;
				CLANG_WARN_OBJC_ROOT_CLASS = YES_ERROR;
				CLANG_WARN_QUOTED_INCLUDE_IN_FRAMEWORK_HEADER = YES;
				CLANG_WARN_RANGE_LOOP_ANALYSIS = YES;
				CLANG_WARN_STRICT_PROTOTYPES = YES;
				CLANG_WARN_SUSPICIOUS_MOVE = YES;
				CLANG_WARN_UNGUARDED_AVAILABILITY = YES_AGGRESSIVE;
				CLANG_WARN_UNREACHABLE_CODE = YES;
				CLANG_WARN__DUPLICATE_METHOD_MATCH = YES;
				COPY_PHASE_STRIP = NO;
				DEBUG_INFORMATION_FORMAT = dwarf;
				ENABLE_STRICT_OBJC_MSGSEND = YES;
				ENABLE_TESTABILITY = YES;
				ENABLE_USER_SCRIPT_SANDBOXING = YES;
				GCC_C_LANGUAGE_STANDARD = gnu17;
				GCC_DYNAMIC_NO_PIC = NO;
				GCC_NO_COMMON_BLOCKS = YES;
				GCC_OPTIMIZATION_LEVEL = 0;
				GCC_PREPROCESSOR_DEFINITIONS = (
					"DEBUG=1",
					"$(inherited)",
				);
				GCC_WARN_64_TO_32_BIT_CONVERSION = YES;
				GCC_WARN_ABOUT_RETURN_TYPE = YES_ERROR;
				GCC_WARN_UNDECLARED_SELECTOR = YES;
				GCC_WARN_UNINITIALIZED_AUTOS = YES_AGGRESSIVE;
				GCC_WARN_UNUSED_FUNCTION = YES;
				GCC_WARN_UNUSED_VARIABLE = YES;
				IPHONEOS_DEPLOYMENT_TARGET = 17.0;
				LOCALIZATION_PREFERS_STRING_CATALOGS = YES;
				MTL_ENABLE_DEBUG_INFO = INCLUDE_SOURCE;
				MTL_FAST_MATH = YES;
				ONLY_ACTIVE_ARCH = YES;
				SDKROOT = iphoneos;
				SWIFT_ACTIVE_COMPILATION_CONDITIONS = "DEBUG $(inherited)";
				SWIFT_OPTIMIZATION_LEVEL = "-Onone";
			};
			name = Debug;
		};
		EE9D1C7C2B26DCEF00614724 /* Release */ = {
			isa = XCBuildConfiguration;
			buildSettings = {
				ALWAYS_SEARCH_USER_PATHS = NO;
				ASSETCATALOG_COMPILER_GENERATE_SWIFT_ASSET_SYMBOL_EXTENSIONS = YES;
				CLANG_ANALYZER_NONNULL = YES;
				CLANG_ANALYZER_NUMBER_OBJECT_CONVERSION = YES_AGGRESSIVE;
				CLANG_CXX_LANGUAGE_STANDARD = "gnu++20";
				CLANG_ENABLE_MODULES = YES;
				CLANG_ENABLE_OBJC_ARC = YES;
				CLANG_ENABLE_OBJC_WEAK = YES;
				CLANG_WARN_BLOCK_CAPTURE_AUTORELEASING = YES;
				CLANG_WARN_BOOL_CONVERSION = YES;
				CLANG_WARN_COMMA = YES;
				CLANG_WARN_CONSTANT_CONVERSION = YES;
				CLANG_WARN_DEPRECATED_OBJC_IMPLEMENTATIONS = YES;
				CLANG_WARN_DIRECT_OBJC_ISA_USAGE = YES_ERROR;
				CLANG_WARN_DOCUMENTATION_COMMENTS = YES;
				CLANG_WARN_EMPTY_BODY = YES;
				CLANG_WARN_ENUM_CONVERSION = YES;
				CLANG_WARN_INFINITE_RECURSION = YES;
				CLANG_WARN_INT_CONVERSION = YES;
				CLANG_WARN_NON_LITERAL_NULL_CONVERSION = YES;
				CLANG_WARN_OBJC_IMPLICIT_RETAIN_SELF = YES;
				CLANG_WARN_OBJC_LITERAL_CONVERSION = YES;
				CLANG_WARN_OBJC_ROOT_CLASS = YES_ERROR;
				CLANG_WARN_QUOTED_INCLUDE_IN_FRAMEWORK_HEADER = YES;
				CLANG_WARN_RANGE_LOOP_ANALYSIS = YES;
				CLANG_WARN_STRICT_PROTOTYPES = YES;
				CLANG_WARN_SUSPICIOUS_MOVE = YES;
				CLANG_WARN_UNGUARDED_AVAILABILITY = YES_AGGRESSIVE;
				CLANG_WARN_UNREACHABLE_CODE = YES;
				CLANG_WARN__DUPLICATE_METHOD_MATCH = YES;
				COPY_PHASE_STRIP = NO;
				DEBUG_INFORMATION_FORMAT = "dwarf-with-dsym";
				ENABLE_NS_ASSERTIONS = NO;
				ENABLE_STRICT_OBJC_MSGSEND = YES;
				ENABLE_USER_SCRIPT_SANDBOXING = YES;
				GCC_C_LANGUAGE_STANDARD = gnu17;
				GCC_NO_COMMON_BLOCKS = YES;
				GCC_WARN_64_TO_32_BIT_CONVERSION = YES;
				GCC_WARN_ABOUT_RETURN_TYPE = YES_ERROR;
				GCC_WARN_UNDECLARED_SELECTOR = YES;
				GCC_WARN_UNINITIALIZED_AUTOS = YES_AGGRESSIVE;
				GCC_WARN_UNUSED_FUNCTION = YES;
				GCC_WARN_UNUSED_VARIABLE = YES;
				IPHONEOS_DEPLOYMENT_TARGET = 17.0;
				LOCALIZATION_PREFERS_STRING_CATALOGS = YES;
				MTL_ENABLE_DEBUG_INFO = NO;
				MTL_FAST_MATH = YES;
				SDKROOT = iphoneos;
				SWIFT_COMPILATION_MODE = wholemodule;
				VALIDATE_PRODUCT = YES;
			};
			name = Release;
		};
		EE9D1C7E2B26DCEF00614724 /* Debug */ = {
			isa = XCBuildConfiguration;
			buildSettings = {
				ASSETCATALOG_COMPILER_APPICON_NAME = AppIcon;
				ASSETCATALOG_COMPILER_GLOBAL_ACCENT_COLOR_NAME = AccentColor;
				CODE_SIGN_STYLE = Automatic;
				CURRENT_PROJECT_VERSION = 1;
				DEVELOPMENT_ASSET_PATHS = "\"stopwatch/Preview Content\"";
				DEVELOPMENT_TEAM = R5955V6BN9;
				ENABLE_PREVIEWS = YES;
				GENERATE_INFOPLIST_FILE = YES;
				INFOPLIST_KEY_UIApplicationSceneManifest_Generation = YES;
				INFOPLIST_KEY_UIApplicationSupportsIndirectInputEvents = YES;
				INFOPLIST_KEY_UILaunchScreen_Generation = YES;
				INFOPLIST_KEY_UISupportedInterfaceOrientations_iPad = "UIInterfaceOrientationPortrait UIInterfaceOrientationPortraitUpsideDown UIInterfaceOrientationLandscapeLeft UIInterfaceOrientationLandscapeRight";
				INFOPLIST_KEY_UISupportedInterfaceOrientations_iPhone = "UIInterfaceOrientationPortrait UIInterfaceOrientationLandscapeLeft UIInterfaceOrientationLandscapeRight";
				LD_RUNPATH_SEARCH_PATHS = (
					"$(inherited)",
					"@executable_path/Frameworks",
				);
				MARKETING_VERSION = 1.0;
				PRODUCT_BUNDLE_IDENTIFIER = fit.scoop.stopwatch;
				PRODUCT_NAME = "$(TARGET_NAME)";
				SWIFT_EMIT_LOC_STRINGS = YES;
				SWIFT_VERSION = 5.0;
				TARGETED_DEVICE_FAMILY = "1,2";
			};
			name = Debug;
		};
		EE9D1C7F2B26DCEF00614724 /* Release */ = {
			isa = XCBuildConfiguration;
			buildSettings = {
				ASSETCATALOG_COMPILER_APPICON_NAME = AppIcon;
				ASSETCATALOG_COMPILER_GLOBAL_ACCENT_COLOR_NAME = AccentColor;
				CODE_SIGN_STYLE = Automatic;
				CURRENT_PROJECT_VERSION = 1;
				DEVELOPMENT_ASSET_PATHS = "\"stopwatch/Preview Content\"";
				DEVELOPMENT_TEAM = R5955V6BN9;
				ENABLE_PREVIEWS = YES;
				GENERATE_INFOPLIST_FILE = YES;
				INFOPLIST_KEY_UIApplicationSceneManifest_Generation = YES;
				INFOPLIST_KEY_UIApplicationSupportsIndirectInputEvents = YES;
				INFOPLIST_KEY_UILaunchScreen_Generation = YES;
				INFOPLIST_KEY_UISupportedInterfaceOrientations_iPad = "UIInterfaceOrientationPortrait UIInterfaceOrientationPortraitUpsideDown UIInterfaceOrientationLandscapeLeft UIInterfaceOrientationLandscapeRight";
				INFOPLIST_KEY_UISupportedInterfaceOrientations_iPhone = "UIInterfaceOrientationPortrait UIInterfaceOrientationLandscapeLeft UIInterfaceOrientationLandscapeRight";
				LD_RUNPATH_SEARCH_PATHS = (
					"$(inherited)",
					"@executable_path/Frameworks",
				);
				MARKETING_VERSION = 1.0;
				PRODUCT_BUNDLE_IDENTIFIER = fit.scoop.stopwatch;
				PRODUCT_NAME = "$(TARGET_NAME)";
				SWIFT_EMIT_LOC_STRINGS = YES;
				SWIFT_VERSION = 5.0;
				TARGETED_DEVICE_FAMILY = "1,2";
			};
			name = Release;
		};
		EE9D1C812B26DCEF00614724 /* Debug */ = {
			isa = XCBuildConfiguration;
			buildSettings = {
				ALWAYS_EMBED_SWIFT_STANDARD_LIBRARIES = YES;
				BUNDLE_LOADER = "$(TEST_HOST)";
				CODE_SIGN_STYLE = Automatic;
				CURRENT_PROJECT_VERSION = 1;
				DEVELOPMENT_TEAM = R5955V6BN9;
				GENERATE_INFOPLIST_FILE = YES;
				IPHONEOS_DEPLOYMENT_TARGET = 17.0;
				MARKETING_VERSION = 1.0;
				PRODUCT_BUNDLE_IDENTIFIER = fit.scoop.stopwatchTests;
				PRODUCT_NAME = "$(TARGET_NAME)";
				SWIFT_EMIT_LOC_STRINGS = NO;
				SWIFT_VERSION = 5.0;
				TARGETED_DEVICE_FAMILY = "1,2";
				TEST_HOST = "$(BUILT_PRODUCTS_DIR)/stopwatch.app/$(BUNDLE_EXECUTABLE_FOLDER_PATH)/stopwatch";
			};
			name = Debug;
		};
		EE9D1C822B26DCEF00614724 /* Release */ = {
			isa = XCBuildConfiguration;
			buildSettings = {
				ALWAYS_EMBED_SWIFT_STANDARD_LIBRARIES = YES;
				BUNDLE_LOADER = "$(TEST_HOST)";
				CODE_SIGN_STYLE = Automatic;
				CURRENT_PROJECT_VERSION = 1;
				DEVELOPMENT_TEAM = R5955V6BN9;
				GENERATE_INFOPLIST_FILE = YES;
				IPHONEOS_DEPLOYMENT_TARGET = 17.0;
				MARKETING_VERSION = 1.0;
				PRODUCT_BUNDLE_IDENTIFIER = fit.scoop.stopwatchTests;
				PRODUCT_NAME = "$(TARGET_NAME)";
				SWIFT_EMIT_LOC_STRINGS = NO;
				SWIFT_VERSION = 5.0;
				TARGETED_DEVICE_FAMILY = "1,2";
				TEST_HOST = "$(BUILT_PRODUCTS_DIR)/stopwatch.app/$(BUNDLE_EXECUTABLE_FOLDER_PATH)/stopwatch";
			};
			name = Release;
		};
		EE9D1C842B26DCEF00614724 /* Debug */ = {
			isa = XCBuildConfiguration;
			buildSettings = {
				ALWAYS_EMBED_SWIFT_STANDARD_LIBRARIES = YES;
				CODE_SIGN_STYLE = Automatic;
				CURRENT_PROJECT_VERSION = 1;
				DEVELOPMENT_TEAM = R5955V6BN9;
				GENERATE_INFOPLIST_FILE = YES;
				MARKETING_VERSION = 1.0;
				PRODUCT_BUNDLE_IDENTIFIER = fit.scoop.stopwatchUITests;
				PRODUCT_NAME = "$(TARGET_NAME)";
				SWIFT_EMIT_LOC_STRINGS = NO;
				SWIFT_VERSION = 5.0;
				TARGETED_DEVICE_FAMILY = "1,2";
				TEST_TARGET_NAME = stopwatch;
			};
			name = Debug;
		};
		EE9D1C852B26DCEF00614724 /* Release */ = {
			isa = XCBuildConfiguration;
			buildSettings = {
				ALWAYS_EMBED_SWIFT_STANDARD_LIBRARIES = YES;
				CODE_SIGN_STYLE = Automatic;
				CURRENT_PROJECT_VERSION = 1;
				DEVELOPMENT_TEAM = R5955V6BN9;
				GENERATE_INFOPLIST_FILE = YES;
				MARKETING_VERSION = 1.0;
				PRODUCT_BUNDLE_IDENTIFIER = fit.scoop.stopwatchUITests;
				PRODUCT_NAME = "$(TARGET_NAME)";
				SWIFT_EMIT_LOC_STRINGS = NO;
				SWIFT_VERSION = 5.0;
				TARGETED_DEVICE_FAMILY = "1,2";
				TEST_TARGET_NAME = stopwatch;
			};
			name = Release;
		};
/* End XCBuildConfiguration section */

/* Begin XCConfigurationList section */
		EE9D1C542B26DCE700614724 /* Build configuration list for PBXProject "stopwatch" */ = {
			isa = XCConfigurationList;
			buildConfigurations = (
				EE9D1C7B2B26DCEF00614724 /* Debug */,
				EE9D1C7C2B26DCEF00614724 /* Release */,
			);
			defaultConfigurationIsVisible = 0;
			defaultConfigurationName = Release;
		};
		EE9D1C7D2B26DCEF00614724 /* Build configuration list for PBXNativeTarget "stopwatch" */ = {
			isa = XCConfigurationList;
			buildConfigurations = (
				EE9D1C7E2B26DCEF00614724 /* Debug */,
				EE9D1C7F2B26DCEF00614724 /* Release */,
			);
			defaultConfigurationIsVisible = 0;
			defaultConfigurationName = Release;
		};
		EE9D1C802B26DCEF00614724 /* Build configuration list for PBXNativeTarget "stopwatchTests" */ = {
			isa = XCConfigurationList;
			buildConfigurations = (
				EE9D1C812B26DCEF00614724 /* Debug */,
				EE9D1C822B26DCEF00614724 /* Release */,
			);
			defaultConfigurationIsVisible = 0;
			defaultConfigurationName = Release;
		};
		EE9D1C832B26DCEF00614724 /* Build configuration list for PBXNativeTarget "stopwatchUITests" */ = {
			isa = XCConfigurationList;
			buildConfigurations = (
				EE9D1C842B26DCEF00614724 /* Debug */,
				EE9D1C852B26DCEF00614724 /* Release */,
			);
			defaultConfigurationIsVisible = 0;
			defaultConfigurationName = Release;
		};
/* End XCConfigurationList section */
	};
	rootObject = EE9D1C512B26DCE700614724 /* Project object */;
}
